
Microsoft Visual Studio Solution File, Format Version 12.00
# Visual Studio 2013
VisualStudioVersion = 12.0.30501.0
MinimumVisualStudioVersion = 10.0.40219.1
Project("{FAE04EC0-301F-11D3-BF4B-00C04F79EFBC}") = "01.SchoolClasses", "SchoolClasses\01.SchoolClasses.csproj", "{C94E31E7-916A-451E-8B2C-9A87B6997DEC}"
EndProject
Project("{FAE04EC0-301F-11D3-BF4B-00C04F79EFBC}") = "02.StudentsAndWorkers", "StudentsAndWorkers\02.StudentsAndWorkers.csproj", "{920323F2-36C8-44F4-B751-45C370133220}"
EndProject
Project("{FAE04EC0-301F-11D3-BF4B-00C04F79EFBC}") = "03.Animals", "Animals\03.Animals.csproj", "{180F4B0C-6391-4032-9089-EE775F71A136}"
EndProject
Global
	GlobalSection(SolutionConfigurationPlatforms) = preSolution
		Debug|Any CPU = Debug|Any CPU
		Release|Any CPU = Release|Any CPU
	EndGlobalSection
	GlobalSection(ProjectConfigurationPlatforms) = postSolution
		{C94E31E7-916A-451E-8B2C-9A87B6997DEC}.Debug|Any CPU.ActiveCfg = Debug|Any CPU
		{C94E31E7-916A-451E-8B2C-9A87B6997DEC}.Debug|Any CPU.Build.0 = Debug|Any CPU
		{C94E31E7-916A-451E-8B2C-9A87B6997DEC}.Release|Any CPU.ActiveCfg = Release|Any CPU
		{C94E31E7-916A-451E-8B2C-9A87B6997DEC}.Release|Any CPU.Build.0 = Release|Any CPU
		{920323F2-36C8-44F4-B751-45C370133220}.Debug|Any CPU.ActiveCfg = Debug|Any CPU
		{920323F2-36C8-44F4-B751-45C370133220}.Debug|Any CPU.Build.0 = Debug|Any CPU
		{920323F2-36C8-44F4-B751-45C370133220}.Release|Any CPU.ActiveCfg = Release|Any CPU
		{920323F2-36C8-44F4-B751-45C370133220}.Release|Any CPU.Build.0 = Release|Any CPU
		{180F4B0C-6391-4032-9089-EE775F71A136}.Debug|Any CPU.ActiveCfg = Debug|Any CPU
		{180F4B0C-6391-4032-9089-EE775F71A136}.Debug|Any CPU.Build.0 = Debug|Any CPU
		{180F4B0C-6391-4032-9089-EE775F71A136}.Release|Any CPU.ActiveCfg = Release|Any CPU
		{180F4B0C-6391-4032-9089-EE775F71A136}.Release|Any CPU.Build.0 = Release|Any CPU
	EndGlobalSection
	GlobalSection(SolutionProperties) = preSolution
		HideSolutionNode = FALSE
	EndGlobalSection
EndGlobal
