
Microsoft Visual Studio Solution File, Format Version 12.00
# Visual Studio 2013
VisualStudioVersion = 12.0.30501.0
MinimumVisualStudioVersion = 10.0.40219.1
Project("{FAE04EC0-301F-11D3-BF4B-00C04F79EFBC}") = "01-03.StudentClass", "StudentClass\01-03.StudentClass.csproj", "{D5441EE1-22F9-4DF1-AA93-DDB2479A2839}"
EndProject
Project("{FAE04EC0-301F-11D3-BF4B-00C04F79EFBC}") = "04.PersonClass", "PersonClass\04.PersonClass.csproj", "{F55BFB6B-9594-43ED-B9BE-A3D1F55FC082}"
EndProject
Project("{FAE04EC0-301F-11D3-BF4B-00C04F79EFBC}") = "05.BitArray", "BitArray\05.BitArray.csproj", "{2907B743-4296-4D4C-8F54-2DA4E1A3A046}"
EndProject
Global
	GlobalSection(SolutionConfigurationPlatforms) = preSolution
		Debug|Any CPU = Debug|Any CPU
		Release|Any CPU = Release|Any CPU
	EndGlobalSection
	GlobalSection(ProjectConfigurationPlatforms) = postSolution
		{D5441EE1-22F9-4DF1-AA93-DDB2479A2839}.Debug|Any CPU.ActiveCfg = Debug|Any CPU
		{D5441EE1-22F9-4DF1-AA93-DDB2479A2839}.Debug|Any CPU.Build.0 = Debug|Any CPU
		{D5441EE1-22F9-4DF1-AA93-DDB2479A2839}.Release|Any CPU.ActiveCfg = Release|Any CPU
		{D5441EE1-22F9-4DF1-AA93-DDB2479A2839}.Release|Any CPU.Build.0 = Release|Any CPU
		{F55BFB6B-9594-43ED-B9BE-A3D1F55FC082}.Debug|Any CPU.ActiveCfg = Debug|Any CPU
		{F55BFB6B-9594-43ED-B9BE-A3D1F55FC082}.Debug|Any CPU.Build.0 = Debug|Any CPU
		{F55BFB6B-9594-43ED-B9BE-A3D1F55FC082}.Release|Any CPU.ActiveCfg = Release|Any CPU
		{F55BFB6B-9594-43ED-B9BE-A3D1F55FC082}.Release|Any CPU.Build.0 = Release|Any CPU
		{2907B743-4296-4D4C-8F54-2DA4E1A3A046}.Debug|Any CPU.ActiveCfg = Debug|Any CPU
		{2907B743-4296-4D4C-8F54-2DA4E1A3A046}.Debug|Any CPU.Build.0 = Debug|Any CPU
		{2907B743-4296-4D4C-8F54-2DA4E1A3A046}.Release|Any CPU.ActiveCfg = Release|Any CPU
		{2907B743-4296-4D4C-8F54-2DA4E1A3A046}.Release|Any CPU.Build.0 = Release|Any CPU
	EndGlobalSection
	GlobalSection(SolutionProperties) = preSolution
		HideSolutionNode = FALSE
	EndGlobalSection
EndGlobal
