
Microsoft Visual Studio Solution File, Format Version 12.00
# Visual Studio 2013
VisualStudioVersion = 12.0.30501.0
MinimumVisualStudioVersion = 10.0.40219.1
Project("{FAE04EC0-301F-11D3-BF4B-00C04F79EFBC}") = "01.DesignPartOne", "DesignPartOne\01.DesignPartOne.csproj", "{C8A0303D-66D6-40F9-A2E3-41818C7CE31B}"
EndProject
Project("{FAE04EC0-301F-11D3-BF4B-00C04F79EFBC}") = "02.DesignPartTwo", "DesignPartTwo\02.DesignPartTwo.csproj", "{1C0FA6FB-6465-40AD-A35B-C0700AEEEC96}"
EndProject
Project("{FAE04EC0-301F-11D3-BF4B-00C04F79EFBC}") = "03.RefactorCode", "RefactorCode\03.RefactorCode.csproj", "{3936444A-532F-4730-A903-4E514CF6FDA3}"
EndProject
Global
	GlobalSection(SolutionConfigurationPlatforms) = preSolution
		Debug|Any CPU = Debug|Any CPU
		Release|Any CPU = Release|Any CPU
	EndGlobalSection
	GlobalSection(ProjectConfigurationPlatforms) = postSolution
		{C8A0303D-66D6-40F9-A2E3-41818C7CE31B}.Debug|Any CPU.ActiveCfg = Debug|Any CPU
		{C8A0303D-66D6-40F9-A2E3-41818C7CE31B}.Debug|Any CPU.Build.0 = Debug|Any CPU
		{C8A0303D-66D6-40F9-A2E3-41818C7CE31B}.Release|Any CPU.ActiveCfg = Release|Any CPU
		{C8A0303D-66D6-40F9-A2E3-41818C7CE31B}.Release|Any CPU.Build.0 = Release|Any CPU
		{1C0FA6FB-6465-40AD-A35B-C0700AEEEC96}.Debug|Any CPU.ActiveCfg = Debug|Any CPU
		{1C0FA6FB-6465-40AD-A35B-C0700AEEEC96}.Debug|Any CPU.Build.0 = Debug|Any CPU
		{1C0FA6FB-6465-40AD-A35B-C0700AEEEC96}.Release|Any CPU.ActiveCfg = Release|Any CPU
		{1C0FA6FB-6465-40AD-A35B-C0700AEEEC96}.Release|Any CPU.Build.0 = Release|Any CPU
		{3936444A-532F-4730-A903-4E514CF6FDA3}.Debug|Any CPU.ActiveCfg = Debug|Any CPU
		{3936444A-532F-4730-A903-4E514CF6FDA3}.Debug|Any CPU.Build.0 = Debug|Any CPU
		{3936444A-532F-4730-A903-4E514CF6FDA3}.Release|Any CPU.ActiveCfg = Release|Any CPU
		{3936444A-532F-4730-A903-4E514CF6FDA3}.Release|Any CPU.Build.0 = Release|Any CPU
	EndGlobalSection
	GlobalSection(SolutionProperties) = preSolution
		HideSolutionNode = FALSE
	EndGlobalSection
EndGlobal
