
Microsoft Visual Studio Solution File, Format Version 12.00
# Visual Studio 2013
VisualStudioVersion = 12.0.30501.0
MinimumVisualStudioVersion = 10.0.40219.1
Project("{FAE04EC0-301F-11D3-BF4B-00C04F79EFBC}") = "01.RunnersHomePage", "RunnersHomePage\01.RunnersHomePage.csproj", "{55046F18-002D-4526-9DF9-1CB0BE55801E}"
EndProject
Project("{FAE04EC0-301F-11D3-BF4B-00C04F79EFBC}") = "02.NestedLists", "NestedLists\02.NestedLists.csproj", "{8CE72D7C-8D55-4D05-98F0-532580B90A08}"
EndProject
Project("{FAE04EC0-301F-11D3-BF4B-00C04F79EFBC}") = "03.SocialSite", "SocialSite\03.SocialSite.csproj", "{D239D9E5-4289-4431-8B20-7771DE4E9150}"
EndProject
Global
	GlobalSection(SolutionConfigurationPlatforms) = preSolution
		Debug|Any CPU = Debug|Any CPU
		Release|Any CPU = Release|Any CPU
	EndGlobalSection
	GlobalSection(ProjectConfigurationPlatforms) = postSolution
		{55046F18-002D-4526-9DF9-1CB0BE55801E}.Debug|Any CPU.ActiveCfg = Debug|Any CPU
		{55046F18-002D-4526-9DF9-1CB0BE55801E}.Debug|Any CPU.Build.0 = Debug|Any CPU
		{55046F18-002D-4526-9DF9-1CB0BE55801E}.Release|Any CPU.ActiveCfg = Release|Any CPU
		{55046F18-002D-4526-9DF9-1CB0BE55801E}.Release|Any CPU.Build.0 = Release|Any CPU
		{8CE72D7C-8D55-4D05-98F0-532580B90A08}.Debug|Any CPU.ActiveCfg = Debug|Any CPU
		{8CE72D7C-8D55-4D05-98F0-532580B90A08}.Debug|Any CPU.Build.0 = Debug|Any CPU
		{8CE72D7C-8D55-4D05-98F0-532580B90A08}.Release|Any CPU.ActiveCfg = Release|Any CPU
		{8CE72D7C-8D55-4D05-98F0-532580B90A08}.Release|Any CPU.Build.0 = Release|Any CPU
		{D239D9E5-4289-4431-8B20-7771DE4E9150}.Debug|Any CPU.ActiveCfg = Debug|Any CPU
		{D239D9E5-4289-4431-8B20-7771DE4E9150}.Debug|Any CPU.Build.0 = Debug|Any CPU
		{D239D9E5-4289-4431-8B20-7771DE4E9150}.Release|Any CPU.ActiveCfg = Release|Any CPU
		{D239D9E5-4289-4431-8B20-7771DE4E9150}.Release|Any CPU.Build.0 = Release|Any CPU
	EndGlobalSection
	GlobalSection(SolutionProperties) = preSolution
		HideSolutionNode = FALSE
	EndGlobalSection
EndGlobal
