
Microsoft Visual Studio Solution File, Format Version 12.00
# Visual Studio 2013
VisualStudioVersion = 12.0.30501.0
MinimumVisualStudioVersion = 10.0.40219.1
Project("{FAE04EC0-301F-11D3-BF4B-00C04F79EFBC}") = "01.HTMLTables", "HTMLTables\01.HTMLTables.csproj", "{FD6F8AB7-0C4F-46B2-BD80-475FEC2BDF18}"
EndProject
Project("{FAE04EC0-301F-11D3-BF4B-00C04F79EFBC}") = "02.HTMLForm", "HTMLForm\02.HTMLForm.csproj", "{A75E17AB-63AC-4DD0-90A3-6E8682658FC7}"
EndProject
Project("{FAE04EC0-301F-11D3-BF4B-00C04F79EFBC}") = "03.Calculator", "Calculator\03.Calculator.csproj", "{B9460226-47B2-4BC5-8B26-70153B1C6CB2}"
EndProject
Global
	GlobalSection(SolutionConfigurationPlatforms) = preSolution
		Debug|Any CPU = Debug|Any CPU
		Release|Any CPU = Release|Any CPU
	EndGlobalSection
	GlobalSection(ProjectConfigurationPlatforms) = postSolution
		{FD6F8AB7-0C4F-46B2-BD80-475FEC2BDF18}.Debug|Any CPU.ActiveCfg = Debug|Any CPU
		{FD6F8AB7-0C4F-46B2-BD80-475FEC2BDF18}.Debug|Any CPU.Build.0 = Debug|Any CPU
		{FD6F8AB7-0C4F-46B2-BD80-475FEC2BDF18}.Release|Any CPU.ActiveCfg = Release|Any CPU
		{FD6F8AB7-0C4F-46B2-BD80-475FEC2BDF18}.Release|Any CPU.Build.0 = Release|Any CPU
		{A75E17AB-63AC-4DD0-90A3-6E8682658FC7}.Debug|Any CPU.ActiveCfg = Debug|Any CPU
		{A75E17AB-63AC-4DD0-90A3-6E8682658FC7}.Debug|Any CPU.Build.0 = Debug|Any CPU
		{A75E17AB-63AC-4DD0-90A3-6E8682658FC7}.Release|Any CPU.ActiveCfg = Release|Any CPU
		{A75E17AB-63AC-4DD0-90A3-6E8682658FC7}.Release|Any CPU.Build.0 = Release|Any CPU
		{B9460226-47B2-4BC5-8B26-70153B1C6CB2}.Debug|Any CPU.ActiveCfg = Debug|Any CPU
		{B9460226-47B2-4BC5-8B26-70153B1C6CB2}.Debug|Any CPU.Build.0 = Debug|Any CPU
		{B9460226-47B2-4BC5-8B26-70153B1C6CB2}.Release|Any CPU.ActiveCfg = Release|Any CPU
		{B9460226-47B2-4BC5-8B26-70153B1C6CB2}.Release|Any CPU.Build.0 = Release|Any CPU
	EndGlobalSection
	GlobalSection(SolutionProperties) = preSolution
		HideSolutionNode = FALSE
	EndGlobalSection
EndGlobal
